
Microsoft Visual Studio Solution File, Format Version 12.00
# Visual Studio Version 16
VisualStudioVersion = 16.0.29318.209
MinimumVisualStudioVersion = 10.0.40219.1
Project("{FAE04EC0-301F-11D3-BF4B-00C04F79EFBC}") = "HRapii", "HRapii\HRapii.csproj", "{363D1B9A-F80E-40E6-93F9-0D1D7E443D9A}"
EndProject
Project("{FAE04EC0-301F-11D3-BF4B-00C04F79EFBC}") = "PersonalsDataAccess", "PersonalsDataAccess\PersonalsDataAccess.csproj", "{79017345-0F26-4DB2-98EA-3043B57D15BB}"
EndProject
Global
	GlobalSection(SolutionConfigurationPlatforms) = preSolution
		Debug|Any CPU = Debug|Any CPU
		Release|Any CPU = Release|Any CPU
	EndGlobalSection
	GlobalSection(ProjectConfigurationPlatforms) = postSolution
		{363D1B9A-F80E-40E6-93F9-0D1D7E443D9A}.Debug|Any CPU.ActiveCfg = Debug|Any CPU
		{363D1B9A-F80E-40E6-93F9-0D1D7E443D9A}.Debug|Any CPU.Build.0 = Debug|Any CPU
		{363D1B9A-F80E-40E6-93F9-0D1D7E443D9A}.Release|Any CPU.ActiveCfg = Release|Any CPU
		{363D1B9A-F80E-40E6-93F9-0D1D7E443D9A}.Release|Any CPU.Build.0 = Release|Any CPU
		{79017345-0F26-4DB2-98EA-3043B57D15BB}.Debug|Any CPU.ActiveCfg = Debug|Any CPU
		{79017345-0F26-4DB2-98EA-3043B57D15BB}.Debug|Any CPU.Build.0 = Debug|Any CPU
		{79017345-0F26-4DB2-98EA-3043B57D15BB}.Release|Any CPU.ActiveCfg = Release|Any CPU
		{79017345-0F26-4DB2-98EA-3043B57D15BB}.Release|Any CPU.Build.0 = Release|Any CPU
	EndGlobalSection
	GlobalSection(SolutionProperties) = preSolution
		HideSolutionNode = FALSE
	EndGlobalSection
	GlobalSection(ExtensibilityGlobals) = postSolution
		SolutionGuid = {CCA6A9C0-E28D-49D2-A692-572A0C99F7C3}
	EndGlobalSection
EndGlobal
